// !$*UTF8*$!
{
	archiveVersion = 1;
	classes = {
	};
	objectVersion = 50;
	objects = {

/* Begin PBXBuildFile section */
		C40BFA86244FAC4B00449EF5 /* FinishedGoalVC.swift in Sources */ = {isa = PBXBuildFile; fileRef = C40BFA85244FAC4B00449EF5 /* FinishedGoalVC.swift */; };
		C43FA8DB24479E570040562E /* GoalType.swift in Sources */ = {isa = PBXBuildFile; fileRef = C43FA8DA24479E570040562E /* GoalType.swift */; };
		C4495E7D2447BC7F00479BF7 /* CreateGoalVC.swift in Sources */ = {isa = PBXBuildFile; fileRef = C4495E7C2447BC7F00479BF7 /* CreateGoalVC.swift */; };
		C4779BED244F783B00F5A00F /* UIViewExt.swift in Sources */ = {isa = PBXBuildFile; fileRef = C4779BEC244F783B00F5A00F /* UIViewExt.swift */; };
		C4779BEF244F785E00F5A00F /* UIButtonExt.swift in Sources */ = {isa = PBXBuildFile; fileRef = C4779BEE244F785E00F5A00F /* UIButtonExt.swift */; };
		C4935D5324467AB4002D5B9E /* AppDelegate.swift in Sources */ = {isa = PBXBuildFile; fileRef = C4935D5224467AB4002D5B9E /* AppDelegate.swift */; };
		C4935D5524467AB4002D5B9E /* SceneDelegate.swift in Sources */ = {isa = PBXBuildFile; fileRef = C4935D5424467AB4002D5B9E /* SceneDelegate.swift */; };
		C4935D5724467AB4002D5B9E /* GoalsVC.swift in Sources */ = {isa = PBXBuildFile; fileRef = C4935D5624467AB4002D5B9E /* GoalsVC.swift */; };
		C4935D5A24467AB4002D5B9E /* Main.storyboard in Resources */ = {isa = PBXBuildFile; fileRef = C4935D5824467AB4002D5B9E /* Main.storyboard */; };
		C4935D5D24467AB4002D5B9E /* GoalPost_app.xcdatamodeld in Sources */ = {isa = PBXBuildFile; fileRef = C4935D5B24467AB4002D5B9E /* GoalPost_app.xcdatamodeld */; };
		C4935D5F24467AB5002D5B9E /* Assets.xcassets in Resources */ = {isa = PBXBuildFile; fileRef = C4935D5E24467AB5002D5B9E /* Assets.xcassets */; };
		C4935D6224467AB5002D5B9E /* LaunchScreen.storyboard in Resources */ = {isa = PBXBuildFile; fileRef = C4935D6024467AB5002D5B9E /* LaunchScreen.storyboard */; };
		C4935D6E2446B091002D5B9E /* GoalCell.swift in Sources */ = {isa = PBXBuildFile; fileRef = C4935D6D2446B091002D5B9E /* GoalCell.swift */; };
/* End PBXBuildFile section */

/* Begin PBXFileReference section */
		C40BFA85244FAC4B00449EF5 /* FinishedGoalVC.swift */ = {isa = PBXFileReference; lastKnownFileType = sourcecode.swift; path = FinishedGoalVC.swift; sourceTree = "<group>"; };
		C43FA8DA24479E570040562E /* GoalType.swift */ = {isa = PBXFileReference; lastKnownFileType = sourcecode.swift; path = GoalType.swift; sourceTree = "<group>"; };
		C4495E7C2447BC7F00479BF7 /* CreateGoalVC.swift */ = {isa = PBXFileReference; lastKnownFileType = sourcecode.swift; path = CreateGoalVC.swift; sourceTree = "<group>"; };
		C4779BEC244F783B00F5A00F /* UIViewExt.swift */ = {isa = PBXFileReference; lastKnownFileType = sourcecode.swift; path = UIViewExt.swift; sourceTree = "<group>"; };
		C4779BEE244F785E00F5A00F /* UIButtonExt.swift */ = {isa = PBXFileReference; lastKnownFileType = sourcecode.swift; path = UIButtonExt.swift; sourceTree = "<group>"; };
		C4935D4F24467AB4002D5B9E /* GoalPost_app.app */ = {isa = PBXFileReference; explicitFileType = wrapper.application; includeInIndex = 0; path = GoalPost_app.app; sourceTree = BUILT_PRODUCTS_DIR; };
		C4935D5224467AB4002D5B9E /* AppDelegate.swift */ = {isa = PBXFileReference; lastKnownFileType = sourcecode.swift; path = AppDelegate.swift; sourceTree = "<group>"; };
		C4935D5424467AB4002D5B9E /* SceneDelegate.swift */ = {isa = PBXFileReference; lastKnownFileType = sourcecode.swift; path = SceneDelegate.swift; sourceTree = "<group>"; };
		C4935D5624467AB4002D5B9E /* GoalsVC.swift */ = {isa = PBXFileReference; lastKnownFileType = sourcecode.swift; path = GoalsVC.swift; sourceTree = "<group>"; };
		C4935D5924467AB4002D5B9E /* Base */ = {isa = PBXFileReference; lastKnownFileType = file.storyboard; name = Base; path = Base.lproj/Main.storyboard; sourceTree = "<group>"; };
		C4935D5C24467AB4002D5B9E /* GoalPost_app.xcdatamodel */ = {isa = PBXFileReference; lastKnownFileType = wrapper.xcdatamodel; path = GoalPost_app.xcdatamodel; sourceTree = "<group>"; };
		C4935D5E24467AB5002D5B9E /* Assets.xcassets */ = {isa = PBXFileReference; lastKnownFileType = folder.assetcatalog; path = Assets.xcassets; sourceTree = "<group>"; };
		C4935D6124467AB5002D5B9E /* Base */ = {isa = PBXFileReference; lastKnownFileType = file.storyboard; name = Base; path = Base.lproj/LaunchScreen.storyboard; sourceTree = "<group>"; };
		C4935D6324467AB5002D5B9E /* Info.plist */ = {isa = PBXFileReference; lastKnownFileType = text.plist.xml; path = Info.plist; sourceTree = "<group>"; };
		C4935D6D2446B091002D5B9E /* GoalCell.swift */ = {isa = PBXFileReference; lastKnownFileType = sourcecode.swift; path = GoalCell.swift; sourceTree = "<group>"; };
/* End PBXFileReference section */

/* Begin PBXFrameworksBuildPhase section */
		C4935D4C24467AB4002D5B9E /* Frameworks */ = {
			isa = PBXFrameworksBuildPhase;
			buildActionMask = 2147483647;
			files = (
			);
			runOnlyForDeploymentPostprocessing = 0;
		};
/* End PBXFrameworksBuildPhase section */

/* Begin PBXGroup section */
		C4935D4624467AB4002D5B9E = {
			isa = PBXGroup;
			children = (
				C4935D5124467AB4002D5B9E /* GoalPost_app */,
				C4935D5024467AB4002D5B9E /* Products */,
			);
			sourceTree = "<group>";
		};
		C4935D5024467AB4002D5B9E /* Products */ = {
			isa = PBXGroup;
			children = (
				C4935D4F24467AB4002D5B9E /* GoalPost_app.app */,
			);
			name = Products;
			sourceTree = "<group>";
		};
		C4935D5124467AB4002D5B9E /* GoalPost_app */ = {
			isa = PBXGroup;
			children = (
				C4935D6C24467B14002D5B9E /* Extensions */,
				C4935D6B24467B06002D5B9E /* Enums */,
				C4935D6A24467AEC002D5B9E /* View */,
				C4935D6924467AD7002D5B9E /* Controller */,
				C4935D5224467AB4002D5B9E /* AppDelegate.swift */,
				C4935D5424467AB4002D5B9E /* SceneDelegate.swift */,
				C4935D5E24467AB5002D5B9E /* Assets.xcassets */,
				C4935D6024467AB5002D5B9E /* LaunchScreen.storyboard */,
				C4935D6324467AB5002D5B9E /* Info.plist */,
				C4935D5B24467AB4002D5B9E /* GoalPost_app.xcdatamodeld */,
			);
			path = GoalPost_app;
			sourceTree = "<group>";
		};
		C4935D6924467AD7002D5B9E /* Controller */ = {
			isa = PBXGroup;
			children = (
				C40BFA85244FAC4B00449EF5 /* FinishedGoalVC.swift */,
				C4935D5624467AB4002D5B9E /* GoalsVC.swift */,
				C4495E7C2447BC7F00479BF7 /* CreateGoalVC.swift */,
			);
			path = Controller;
			sourceTree = "<group>";
		};
		C4935D6A24467AEC002D5B9E /* View */ = {
			isa = PBXGroup;
			children = (
				C4935D6D2446B091002D5B9E /* GoalCell.swift */,
				C4935D5824467AB4002D5B9E /* Main.storyboard */,
			);
			path = View;
			sourceTree = "<group>";
		};
		C4935D6B24467B06002D5B9E /* Enums */ = {
			isa = PBXGroup;
			children = (
				C43FA8DA24479E570040562E /* GoalType.swift */,
			);
			path = Enums;
			sourceTree = "<group>";
		};
		C4935D6C24467B14002D5B9E /* Extensions */ = {
			isa = PBXGroup;
			children = (
				C4779BEC244F783B00F5A00F /* UIViewExt.swift */,
				C4779BEE244F785E00F5A00F /* UIButtonExt.swift */,
			);
			path = Extensions;
			sourceTree = "<group>";
		};
/* End PBXGroup section */

/* Begin PBXNativeTarget section */
		C4935D4E24467AB4002D5B9E /* GoalPost_app */ = {
			isa = PBXNativeTarget;
			buildConfigurationList = C4935D6624467AB5002D5B9E /* Build configuration list for PBXNativeTarget "GoalPost_app" */;
			buildPhases = (
				C4935D4B24467AB4002D5B9E /* Sources */,
				C4935D4C24467AB4002D5B9E /* Frameworks */,
				C4935D4D24467AB4002D5B9E /* Resources */,
			);
			buildRules = (
			);
			dependencies = (
			);
			name = GoalPost_app;
			productName = GoalPost_app;
			productReference = C4935D4F24467AB4002D5B9E /* GoalPost_app.app */;
			productType = "com.apple.product-type.application";
		};
/* End PBXNativeTarget section */

/* Begin PBXProject section */
		C4935D4724467AB4002D5B9E /* Project object */ = {
			isa = PBXProject;
			attributes = {
				LastSwiftUpdateCheck = 1140;
				LastUpgradeCheck = 1140;
				ORGANIZATIONNAME = "Camila Barros";
				TargetAttributes = {
					C4935D4E24467AB4002D5B9E = {
						CreatedOnToolsVersion = 11.4;
					};
				};
			};
			buildConfigurationList = C4935D4A24467AB4002D5B9E /* Build configuration list for PBXProject "GoalPost_app" */;
			compatibilityVersion = "Xcode 9.3";
			developmentRegion = en;
			hasScannedForEncodings = 0;
			knownRegions = (
				en,
				Base,
			);
			mainGroup = C4935D4624467AB4002D5B9E;
			productRefGroup = C4935D5024467AB4002D5B9E /* Products */;
			projectDirPath = "";
			projectRoot = "";
			targets = (
				C4935D4E24467AB4002D5B9E /* GoalPost_app */,
			);
		};
/* End PBXProject section */

/* Begin PBXResourcesBuildPhase section */
		C4935D4D24467AB4002D5B9E /* Resources */ = {
			isa = PBXResourcesBuildPhase;
			buildActionMask = 2147483647;
			files = (
				C4935D6224467AB5002D5B9E /* LaunchScreen.storyboard in Resources */,
				C4935D5F24467AB5002D5B9E /* Assets.xcassets in Resources */,
				C4935D5A24467AB4002D5B9E /* Main.storyboard in Resources */,
			);
			runOnlyForDeploymentPostprocessing = 0;
		};
/* End PBXResourcesBuildPhase section */

/* Begin PBXSourcesBuildPhase section */
		C4935D4B24467AB4002D5B9E /* Sources */ = {
			isa = PBXSourcesBuildPhase;
			buildActionMask = 2147483647;
			files = (
				C4935D5724467AB4002D5B9E /* GoalsVC.swift in Sources */,
				C4935D5324467AB4002D5B9E /* AppDelegate.swift in Sources */,
				C43FA8DB24479E570040562E /* GoalType.swift in Sources */,
				C4935D5D24467AB4002D5B9E /* GoalPost_app.xcdatamodeld in Sources */,
				C4779BED244F783B00F5A00F /* UIViewExt.swift in Sources */,
				C4495E7D2447BC7F00479BF7 /* CreateGoalVC.swift in Sources */,
				C4935D6E2446B091002D5B9E /* GoalCell.swift in Sources */,
				C40BFA86244FAC4B00449EF5 /* FinishedGoalVC.swift in Sources */,
				C4779BEF244F785E00F5A00F /* UIButtonExt.swift in Sources */,
				C4935D5524467AB4002D5B9E /* SceneDelegate.swift in Sources */,
			);
			runOnlyForDeploymentPostprocessing = 0;
		};
/* End PBXSourcesBuildPhase section */

/* Begin PBXVariantGroup section */
		C4935D5824467AB4002D5B9E /* Main.storyboard */ = {
			isa = PBXVariantGroup;
			children = (
				C4935D5924467AB4002D5B9E /* Base */,
			);
			name = Main.storyboard;
			sourceTree = "<group>";
		};
		C4935D6024467AB5002D5B9E /* LaunchScreen.storyboard */ = {
			isa = PBXVariantGroup;
			children = (
				C4935D6124467AB5002D5B9E /* Base */,
			);
			name = LaunchScreen.storyboard;
			sourceTree = "<group>";
		};
/* End PBXVariantGroup section */

/* Begin XCBuildConfiguration section */
		C4935D6424467AB5002D5B9E /* Debug */ = {
			isa = XCBuildConfiguration;
			buildSettings = {
				ALWAYS_SEARCH_USER_PATHS = NO;
				CLANG_ANALYZER_NONNULL = YES;
				CLANG_ANALYZER_NUMBER_OBJECT_CONVERSION = YES_AGGRESSIVE;
				CLANG_CXX_LANGUAGE_STANDARD = "gnu++14";
				CLANG_CXX_LIBRARY = "libc++";
				CLANG_ENABLE_MODULES = YES;
				CLANG_ENABLE_OBJC_ARC = YES;
				CLANG_ENABLE_OBJC_WEAK = YES;
				CLANG_WARN_BLOCK_CAPTURE_AUTORELEASING = YES;
				CLANG_WARN_BOOL_CONVERSION = YES;
				CLANG_WARN_COMMA = YES;
				CLANG_WARN_CONSTANT_CONVERSION = YES;
				CLANG_WARN_DEPRECATED_OBJC_IMPLEMENTATIONS = YES;
				CLANG_WARN_DIRECT_OBJC_ISA_USAGE = YES_ERROR;
				CLANG_WARN_DOCUMENTATION_COMMENTS = YES;
				CLANG_WARN_EMPTY_BODY = YES;
				CLANG_WARN_ENUM_CONVERSION = YES;
				CLANG_WARN_INFINITE_RECURSION = YES;
				CLANG_WARN_INT_CONVERSION = YES;
				CLANG_WARN_NON_LITERAL_NULL_CONVERSION = YES;
				CLANG_WARN_OBJC_IMPLICIT_RETAIN_SELF = YES;
				CLANG_WARN_OBJC_LITERAL_CONVERSION = YES;
				CLANG_WARN_OBJC_ROOT_CLASS = YES_ERROR;
				CLANG_WARN_RANGE_LOOP_ANALYSIS = YES;
				CLANG_WARN_STRICT_PROTOTYPES = YES;
				CLANG_WARN_SUSPICIOUS_MOVE = YES;
				CLANG_WARN_UNGUARDED_AVAILABILITY = YES_AGGRESSIVE;
				CLANG_WARN_UNREACHABLE_CODE = YES;
				CLANG_WARN__DUPLICATE_METHOD_MATCH = YES;
				COPY_PHASE_STRIP = NO;
				DEBUG_INFORMATION_FORMAT = dwarf;
				ENABLE_STRICT_OBJC_MSGSEND = YES;
				ENABLE_TESTABILITY = YES;
				GCC_C_LANGUAGE_STANDARD = gnu11;
				GCC_DYNAMIC_NO_PIC = NO;
				GCC_NO_COMMON_BLOCKS = YES;
				GCC_OPTIMIZATION_LEVEL = 0;
				GCC_PREPROCESSOR_DEFINITIONS = (
					"DEBUG=1",
					"$(inherited)",
				);
				GCC_WARN_64_TO_32_BIT_CONVERSION = YES;
				GCC_WARN_ABOUT_RETURN_TYPE = YES_ERROR;
				GCC_WARN_UNDECLARED_SELECTOR = YES;
				GCC_WARN_UNINITIALIZED_AUTOS = YES_AGGRESSIVE;
				GCC_WARN_UNUSED_FUNCTION = YES;
				GCC_WARN_UNUSED_VARIABLE = YES;
				IPHONEOS_DEPLOYMENT_TARGET = 13.4;
				MTL_ENABLE_DEBUG_INFO = INCLUDE_SOURCE;
				MTL_FAST_MATH = YES;
				ONLY_ACTIVE_ARCH = YES;
				SDKROOT = iphoneos;
				SWIFT_ACTIVE_COMPILATION_CONDITIONS = DEBUG;
				SWIFT_OPTIMIZATION_LEVEL = "-Onone";
			};
			name = Debug;
		};
		C4935D6524467AB5002D5B9E /* Release */ = {
			isa = XCBuildConfiguration;
			buildSettings = {
				ALWAYS_SEARCH_USER_PATHS = NO;
				CLANG_ANALYZER_NONNULL = YES;
				CLANG_ANALYZER_NUMBER_OBJECT_CONVERSION = YES_AGGRESSIVE;
				CLANG_CXX_LANGUAGE_STANDARD = "gnu++14";
				CLANG_CXX_LIBRARY = "libc++";
				CLANG_ENABLE_MODULES = YES;
				CLANG_ENABLE_OBJC_ARC = YES;
				CLANG_ENABLE_OBJC_WEAK = YES;
				CLANG_WARN_BLOCK_CAPTURE_AUTORELEASING = YES;
				CLANG_WARN_BOOL_CONVERSION = YES;
				CLANG_WARN_COMMA = YES;
				CLANG_WARN_CONSTANT_CONVERSION = YES;
				CLANG_WARN_DEPRECATED_OBJC_IMPLEMENTATIONS = YES;
				CLANG_WARN_DIRECT_OBJC_ISA_USAGE = YES_ERROR;
				CLANG_WARN_DOCUMENTATION_COMMENTS = YES;
				CLANG_WARN_EMPTY_BODY = YES;
				CLANG_WARN_ENUM_CONVERSION = YES;
				CLANG_WARN_INFINITE_RECURSION = YES;
				CLANG_WARN_INT_CONVERSION = YES;
				CLANG_WARN_NON_LITERAL_NULL_CONVERSION = YES;
				CLANG_WARN_OBJC_IMPLICIT_RETAIN_SELF = YES;
				CLANG_WARN_OBJC_LITERAL_CONVERSION = YES;
				CLANG_WARN_OBJC_ROOT_CLASS = YES_ERROR;
				CLANG_WARN_RANGE_LOOP_ANALYSIS = YES;
				CLANG_WARN_STRICT_PROTOTYPES = YES;
				CLANG_WARN_SUSPICIOUS_MOVE = YES;
				CLANG_WARN_UNGUARDED_AVAILABILITY = YES_AGGRESSIVE;
				CLANG_WARN_UNREACHABLE_CODE = YES;
				CLANG_WARN__DUPLICATE_METHOD_MATCH = YES;
				COPY_PHASE_STRIP = NO;
				DEBUG_INFORMATION_FORMAT = "dwarf-with-dsym";
				ENABLE_NS_ASSERTIONS = NO;
				ENABLE_STRICT_OBJC_MSGSEND = YES;
				GCC_C_LANGUAGE_STANDARD = gnu11;
				GCC_NO_COMMON_BLOCKS = YES;
				GCC_WARN_64_TO_32_BIT_CONVERSION = YES;
				GCC_WARN_ABOUT_RETURN_TYPE = YES_ERROR;
				GCC_WARN_UNDECLARED_SELECTOR = YES;
				GCC_WARN_UNINITIALIZED_AUTOS = YES_AGGRESSIVE;
				GCC_WARN_UNUSED_FUNCTION = YES;
				GCC_WARN_UNUSED_VARIABLE = YES;
				IPHONEOS_DEPLOYMENT_TARGET = 13.4;
				MTL_ENABLE_DEBUG_INFO = NO;
				MTL_FAST_MATH = YES;
				SDKROOT = iphoneos;
				SWIFT_COMPILATION_MODE = wholemodule;
				SWIFT_OPTIMIZATION_LEVEL = "-O";
				VALIDATE_PRODUCT = YES;
			};
			name = Release;
		};
		C4935D6724467AB5002D5B9E /* Debug */ = {
			isa = XCBuildConfiguration;
			buildSettings = {
				ASSETCATALOG_COMPILER_APPICON_NAME = AppIcon;
				CODE_SIGN_STYLE = Automatic;
				DEVELOPMENT_TEAM = K3Q8MP29M7;
				INFOPLIST_FILE = GoalPost_app/Info.plist;
				LD_RUNPATH_SEARCH_PATHS = (
					"$(inherited)",
					"@executable_path/Frameworks",
				);
				PRODUCT_BUNDLE_IDENTIFIER = "Camila.GoalPost-app";
				PRODUCT_NAME = "$(TARGET_NAME)";
				SWIFT_VERSION = 5.0;
				TARGETED_DEVICE_FAMILY = "1,2";
			};
			name = Debug;
		};
		C4935D6824467AB5002D5B9E /* Release */ = {
			isa = XCBuildConfiguration;
			buildSettings = {
				ASSETCATALOG_COMPILER_APPICON_NAME = AppIcon;
				CODE_SIGN_STYLE = Automatic;
				DEVELOPMENT_TEAM = K3Q8MP29M7;
				INFOPLIST_FILE = GoalPost_app/Info.plist;
				LD_RUNPATH_SEARCH_PATHS = (
					"$(inherited)",
					"@executable_path/Frameworks",
				);
				PRODUCT_BUNDLE_IDENTIFIER = "Camila.GoalPost-app";
				PRODUCT_NAME = "$(TARGET_NAME)";
				SWIFT_VERSION = 5.0;
				TARGETED_DEVICE_FAMILY = "1,2";
			};
			name = Release;
		};
/* End XCBuildConfiguration section */

/* Begin XCConfigurationList section */
		C4935D4A24467AB4002D5B9E /* Build configuration list for PBXProject "GoalPost_app" */ = {
			isa = XCConfigurationList;
			buildConfigurations = (
				C4935D6424467AB5002D5B9E /* Debug */,
				C4935D6524467AB5002D5B9E /* Release */,
			);
			defaultConfigurationIsVisible = 0;
			defaultConfigurationName = Release;
		};
		C4935D6624467AB5002D5B9E /* Build configuration list for PBXNativeTarget "GoalPost_app" */ = {
			isa = XCConfigurationList;
			buildConfigurations = (
				C4935D6724467AB5002D5B9E /* Debug */,
				C4935D6824467AB5002D5B9E /* Release */,
			);
			defaultConfigurationIsVisible = 0;
			defaultConfigurationName = Release;
		};
/* End XCConfigurationList section */

/* Begin XCVersionGroup section */
		C4935D5B24467AB4002D5B9E /* GoalPost_app.xcdatamodeld */ = {
			isa = XCVersionGroup;
			children = (
				C4935D5C24467AB4002D5B9E /* GoalPost_app.xcdatamodel */,
			);
			currentVersion = C4935D5C24467AB4002D5B9E /* GoalPost_app.xcdatamodel */;
			path = GoalPost_app.xcdatamodeld;
			sourceTree = "<group>";
			versionGroupType = wrapper.xcdatamodel;
		};
/* End XCVersionGroup section */
	};
	rootObject = C4935D4724467AB4002D5B9E /* Project object */;
}
