// !$*UTF8*$!
{
	archiveVersion = 1;
	classes = {
	};
	objectVersion = 50;
	objects = {

/* Begin PBXBuildFile section */
		C47FBD9E24200AAF00F91870 /* AppDelegate.swift in Sources */ = {isa = PBXBuildFile; fileRef = C47FBD9D24200AAF00F91870 /* AppDelegate.swift */; };
		C47FBDA024200AAF00F91870 /* SceneDelegate.swift in Sources */ = {isa = PBXBuildFile; fileRef = C47FBD9F24200AAF00F91870 /* SceneDelegate.swift */; };
		C47FBDA224200AAF00F91870 /* ViewController.swift in Sources */ = {isa = PBXBuildFile; fileRef = C47FBDA124200AAF00F91870 /* ViewController.swift */; };
		C47FBDA524200AAF00F91870 /* Main.storyboard in Resources */ = {isa = PBXBuildFile; fileRef = C47FBDA324200AAF00F91870 /* Main.storyboard */; };
		C47FBDA724200AB200F91870 /* Assets.xcassets in Resources */ = {isa = PBXBuildFile; fileRef = C47FBDA624200AB200F91870 /* Assets.xcassets */; };
		C47FBDAA24200AB200F91870 /* LaunchScreen.storyboard in Resources */ = {isa = PBXBuildFile; fileRef = C47FBDA824200AB200F91870 /* LaunchScreen.storyboard */; };
		C47FBDB224200B1400F91870 /* BitCoinPriceManager.swift in Sources */ = {isa = PBXBuildFile; fileRef = C47FBDB124200B1400F91870 /* BitCoinPriceManager.swift */; };
		C47FBDB424200BE600F91870 /* Currency.swift in Sources */ = {isa = PBXBuildFile; fileRef = C47FBDB324200BE600F91870 /* Currency.swift */; };
		C4BADEAE2425164A00ABDC48 /* Alert.swift in Sources */ = {isa = PBXBuildFile; fileRef = C4BADEAD2425164A00ABDC48 /* Alert.swift */; };
/* End PBXBuildFile section */

/* Begin PBXFileReference section */
		C47FBD9A24200AAF00F91870 /* BitCoin_App.app */ = {isa = PBXFileReference; explicitFileType = wrapper.application; includeInIndex = 0; path = BitCoin_App.app; sourceTree = BUILT_PRODUCTS_DIR; };
		C47FBD9D24200AAF00F91870 /* AppDelegate.swift */ = {isa = PBXFileReference; lastKnownFileType = sourcecode.swift; path = AppDelegate.swift; sourceTree = "<group>"; };
		C47FBD9F24200AAF00F91870 /* SceneDelegate.swift */ = {isa = PBXFileReference; lastKnownFileType = sourcecode.swift; path = SceneDelegate.swift; sourceTree = "<group>"; };
		C47FBDA124200AAF00F91870 /* ViewController.swift */ = {isa = PBXFileReference; lastKnownFileType = sourcecode.swift; path = ViewController.swift; sourceTree = "<group>"; };
		C47FBDA424200AAF00F91870 /* Base */ = {isa = PBXFileReference; lastKnownFileType = file.storyboard; name = Base; path = Base.lproj/Main.storyboard; sourceTree = "<group>"; };
		C47FBDA624200AB200F91870 /* Assets.xcassets */ = {isa = PBXFileReference; lastKnownFileType = folder.assetcatalog; path = Assets.xcassets; sourceTree = "<group>"; };
		C47FBDA924200AB200F91870 /* Base */ = {isa = PBXFileReference; lastKnownFileType = file.storyboard; name = Base; path = Base.lproj/LaunchScreen.storyboard; sourceTree = "<group>"; };
		C47FBDAB24200AB200F91870 /* Info.plist */ = {isa = PBXFileReference; lastKnownFileType = text.plist.xml; path = Info.plist; sourceTree = "<group>"; };
		C47FBDB124200B1400F91870 /* BitCoinPriceManager.swift */ = {isa = PBXFileReference; lastKnownFileType = sourcecode.swift; path = BitCoinPriceManager.swift; sourceTree = "<group>"; };
		C47FBDB324200BE600F91870 /* Currency.swift */ = {isa = PBXFileReference; lastKnownFileType = sourcecode.swift; path = Currency.swift; sourceTree = "<group>"; };
		C4BADEAD2425164A00ABDC48 /* Alert.swift */ = {isa = PBXFileReference; lastKnownFileType = sourcecode.swift; path = Alert.swift; sourceTree = "<group>"; };
/* End PBXFileReference section */

/* Begin PBXFrameworksBuildPhase section */
		C47FBD9724200AAE00F91870 /* Frameworks */ = {
			isa = PBXFrameworksBuildPhase;
			buildActionMask = 2147483647;
			files = (
			);
			runOnlyForDeploymentPostprocessing = 0;
		};
/* End PBXFrameworksBuildPhase section */

/* Begin PBXGroup section */
		C47FBD9124200AAE00F91870 = {
			isa = PBXGroup;
			children = (
				C47FBD9C24200AAF00F91870 /* BitCoin_App */,
				C47FBD9B24200AAF00F91870 /* Products */,
			);
			sourceTree = "<group>";
		};
		C47FBD9B24200AAF00F91870 /* Products */ = {
			isa = PBXGroup;
			children = (
				C47FBD9A24200AAF00F91870 /* BitCoin_App.app */,
			);
			name = Products;
			sourceTree = "<group>";
		};
		C47FBD9C24200AAF00F91870 /* BitCoin_App */ = {
			isa = PBXGroup;
			children = (
				C47FBD9D24200AAF00F91870 /* AppDelegate.swift */,
				C47FBD9F24200AAF00F91870 /* SceneDelegate.swift */,
				C47FBDA124200AAF00F91870 /* ViewController.swift */,
				C47FBDB124200B1400F91870 /* BitCoinPriceManager.swift */,
				C47FBDB324200BE600F91870 /* Currency.swift */,
				C47FBDA324200AAF00F91870 /* Main.storyboard */,
				C47FBDA624200AB200F91870 /* Assets.xcassets */,
				C47FBDA824200AB200F91870 /* LaunchScreen.storyboard */,
				C47FBDAB24200AB200F91870 /* Info.plist */,
				C4BADEAD2425164A00ABDC48 /* Alert.swift */,
			);
			path = BitCoin_App;
			sourceTree = "<group>";
		};
/* End PBXGroup section */

/* Begin PBXNativeTarget section */
		C47FBD9924200AAE00F91870 /* BitCoin_App */ = {
			isa = PBXNativeTarget;
			buildConfigurationList = C47FBDAE24200AB200F91870 /* Build configuration list for PBXNativeTarget "BitCoin_App" */;
			buildPhases = (
				C47FBD9624200AAE00F91870 /* Sources */,
				C47FBD9724200AAE00F91870 /* Frameworks */,
				C47FBD9824200AAE00F91870 /* Resources */,
			);
			buildRules = (
			);
			dependencies = (
			);
			name = BitCoin_App;
			productName = BitCoin_App;
			productReference = C47FBD9A24200AAF00F91870 /* BitCoin_App.app */;
			productType = "com.apple.product-type.application";
		};
/* End PBXNativeTarget section */

/* Begin PBXProject section */
		C47FBD9224200AAE00F91870 /* Project object */ = {
			isa = PBXProject;
			attributes = {
				LastSwiftUpdateCheck = 1130;
				LastUpgradeCheck = 1130;
				ORGANIZATIONNAME = "Camila Barros";
				TargetAttributes = {
					C47FBD9924200AAE00F91870 = {
						CreatedOnToolsVersion = 11.3.1;
					};
				};
			};
			buildConfigurationList = C47FBD9524200AAE00F91870 /* Build configuration list for PBXProject "BitCoin_App" */;
			compatibilityVersion = "Xcode 9.3";
			developmentRegion = en;
			hasScannedForEncodings = 0;
			knownRegions = (
				en,
				Base,
			);
			mainGroup = C47FBD9124200AAE00F91870;
			productRefGroup = C47FBD9B24200AAF00F91870 /* Products */;
			projectDirPath = "";
			projectRoot = "";
			targets = (
				C47FBD9924200AAE00F91870 /* BitCoin_App */,
			);
		};
/* End PBXProject section */

/* Begin PBXResourcesBuildPhase section */
		C47FBD9824200AAE00F91870 /* Resources */ = {
			isa = PBXResourcesBuildPhase;
			buildActionMask = 2147483647;
			files = (
				C47FBDAA24200AB200F91870 /* LaunchScreen.storyboard in Resources */,
				C47FBDA724200AB200F91870 /* Assets.xcassets in Resources */,
				C47FBDA524200AAF00F91870 /* Main.storyboard in Resources */,
			);
			runOnlyForDeploymentPostprocessing = 0;
		};
/* End PBXResourcesBuildPhase section */

/* Begin PBXSourcesBuildPhase section */
		C47FBD9624200AAE00F91870 /* Sources */ = {
			isa = PBXSourcesBuildPhase;
			buildActionMask = 2147483647;
			files = (
				C4BADEAE2425164A00ABDC48 /* Alert.swift in Sources */,
				C47FBDA224200AAF00F91870 /* ViewController.swift in Sources */,
				C47FBDB424200BE600F91870 /* Currency.swift in Sources */,
				C47FBD9E24200AAF00F91870 /* AppDelegate.swift in Sources */,
				C47FBDB224200B1400F91870 /* BitCoinPriceManager.swift in Sources */,
				C47FBDA024200AAF00F91870 /* SceneDelegate.swift in Sources */,
			);
			runOnlyForDeploymentPostprocessing = 0;
		};
/* End PBXSourcesBuildPhase section */

/* Begin PBXVariantGroup section */
		C47FBDA324200AAF00F91870 /* Main.storyboard */ = {
			isa = PBXVariantGroup;
			children = (
				C47FBDA424200AAF00F91870 /* Base */,
			);
			name = Main.storyboard;
			sourceTree = "<group>";
		};
		C47FBDA824200AB200F91870 /* LaunchScreen.storyboard */ = {
			isa = PBXVariantGroup;
			children = (
				C47FBDA924200AB200F91870 /* Base */,
			);
			name = LaunchScreen.storyboard;
			sourceTree = "<group>";
		};
/* End PBXVariantGroup section */

/* Begin XCBuildConfiguration section */
		C47FBDAC24200AB200F91870 /* Debug */ = {
			isa = XCBuildConfiguration;
			buildSettings = {
				ALWAYS_SEARCH_USER_PATHS = NO;
				CLANG_ANALYZER_NONNULL = YES;
				CLANG_ANALYZER_NUMBER_OBJECT_CONVERSION = YES_AGGRESSIVE;
				CLANG_CXX_LANGUAGE_STANDARD = "gnu++14";
				CLANG_CXX_LIBRARY = "libc++";
				CLANG_ENABLE_MODULES = YES;
				CLANG_ENABLE_OBJC_ARC = YES;
				CLANG_ENABLE_OBJC_WEAK = YES;
				CLANG_WARN_BLOCK_CAPTURE_AUTORELEASING = YES;
				CLANG_WARN_BOOL_CONVERSION = YES;
				CLANG_WARN_COMMA = YES;
				CLANG_WARN_CONSTANT_CONVERSION = YES;
				CLANG_WARN_DEPRECATED_OBJC_IMPLEMENTATIONS = YES;
				CLANG_WARN_DIRECT_OBJC_ISA_USAGE = YES_ERROR;
				CLANG_WARN_DOCUMENTATION_COMMENTS = YES;
				CLANG_WARN_EMPTY_BODY = YES;
				CLANG_WARN_ENUM_CONVERSION = YES;
				CLANG_WARN_INFINITE_RECURSION = YES;
				CLANG_WARN_INT_CONVERSION = YES;
				CLANG_WARN_NON_LITERAL_NULL_CONVERSION = YES;
				CLANG_WARN_OBJC_IMPLICIT_RETAIN_SELF = YES;
				CLANG_WARN_OBJC_LITERAL_CONVERSION = YES;
				CLANG_WARN_OBJC_ROOT_CLASS = YES_ERROR;
				CLANG_WARN_RANGE_LOOP_ANALYSIS = YES;
				CLANG_WARN_STRICT_PROTOTYPES = YES;
				CLANG_WARN_SUSPICIOUS_MOVE = YES;
				CLANG_WARN_UNGUARDED_AVAILABILITY = YES_AGGRESSIVE;
				CLANG_WARN_UNREACHABLE_CODE = YES;
				CLANG_WARN__DUPLICATE_METHOD_MATCH = YES;
				COPY_PHASE_STRIP = NO;
				DEBUG_INFORMATION_FORMAT = dwarf;
				ENABLE_STRICT_OBJC_MSGSEND = YES;
				ENABLE_TESTABILITY = YES;
				GCC_C_LANGUAGE_STANDARD = gnu11;
				GCC_DYNAMIC_NO_PIC = NO;
				GCC_NO_COMMON_BLOCKS = YES;
				GCC_OPTIMIZATION_LEVEL = 0;
				GCC_PREPROCESSOR_DEFINITIONS = (
					"DEBUG=1",
					"$(inherited)",
				);
				GCC_WARN_64_TO_32_BIT_CONVERSION = YES;
				GCC_WARN_ABOUT_RETURN_TYPE = YES_ERROR;
				GCC_WARN_UNDECLARED_SELECTOR = YES;
				GCC_WARN_UNINITIALIZED_AUTOS = YES_AGGRESSIVE;
				GCC_WARN_UNUSED_FUNCTION = YES;
				GCC_WARN_UNUSED_VARIABLE = YES;
				IPHONEOS_DEPLOYMENT_TARGET = 13.2;
				MTL_ENABLE_DEBUG_INFO = INCLUDE_SOURCE;
				MTL_FAST_MATH = YES;
				ONLY_ACTIVE_ARCH = YES;
				SDKROOT = iphoneos;
				SWIFT_ACTIVE_COMPILATION_CONDITIONS = DEBUG;
				SWIFT_OPTIMIZATION_LEVEL = "-Onone";
			};
			name = Debug;
		};
		C47FBDAD24200AB200F91870 /* Release */ = {
			isa = XCBuildConfiguration;
			buildSettings = {
				ALWAYS_SEARCH_USER_PATHS = NO;
				CLANG_ANALYZER_NONNULL = YES;
				CLANG_ANALYZER_NUMBER_OBJECT_CONVERSION = YES_AGGRESSIVE;
				CLANG_CXX_LANGUAGE_STANDARD = "gnu++14";
				CLANG_CXX_LIBRARY = "libc++";
				CLANG_ENABLE_MODULES = YES;
				CLANG_ENABLE_OBJC_ARC = YES;
				CLANG_ENABLE_OBJC_WEAK = YES;
				CLANG_WARN_BLOCK_CAPTURE_AUTORELEASING = YES;
				CLANG_WARN_BOOL_CONVERSION = YES;
				CLANG_WARN_COMMA = YES;
				CLANG_WARN_CONSTANT_CONVERSION = YES;
				CLANG_WARN_DEPRECATED_OBJC_IMPLEMENTATIONS = YES;
				CLANG_WARN_DIRECT_OBJC_ISA_USAGE = YES_ERROR;
				CLANG_WARN_DOCUMENTATION_COMMENTS = YES;
				CLANG_WARN_EMPTY_BODY = YES;
				CLANG_WARN_ENUM_CONVERSION = YES;
				CLANG_WARN_INFINITE_RECURSION = YES;
				CLANG_WARN_INT_CONVERSION = YES;
				CLANG_WARN_NON_LITERAL_NULL_CONVERSION = YES;
				CLANG_WARN_OBJC_IMPLICIT_RETAIN_SELF = YES;
				CLANG_WARN_OBJC_LITERAL_CONVERSION = YES;
				CLANG_WARN_OBJC_ROOT_CLASS = YES_ERROR;
				CLANG_WARN_RANGE_LOOP_ANALYSIS = YES;
				CLANG_WARN_STRICT_PROTOTYPES = YES;
				CLANG_WARN_SUSPICIOUS_MOVE = YES;
				CLANG_WARN_UNGUARDED_AVAILABILITY = YES_AGGRESSIVE;
				CLANG_WARN_UNREACHABLE_CODE = YES;
				CLANG_WARN__DUPLICATE_METHOD_MATCH = YES;
				COPY_PHASE_STRIP = NO;
				DEBUG_INFORMATION_FORMAT = "dwarf-with-dsym";
				ENABLE_NS_ASSERTIONS = NO;
				ENABLE_STRICT_OBJC_MSGSEND = YES;
				GCC_C_LANGUAGE_STANDARD = gnu11;
				GCC_NO_COMMON_BLOCKS = YES;
				GCC_WARN_64_TO_32_BIT_CONVERSION = YES;
				GCC_WARN_ABOUT_RETURN_TYPE = YES_ERROR;
				GCC_WARN_UNDECLARED_SELECTOR = YES;
				GCC_WARN_UNINITIALIZED_AUTOS = YES_AGGRESSIVE;
				GCC_WARN_UNUSED_FUNCTION = YES;
				GCC_WARN_UNUSED_VARIABLE = YES;
				IPHONEOS_DEPLOYMENT_TARGET = 13.2;
				MTL_ENABLE_DEBUG_INFO = NO;
				MTL_FAST_MATH = YES;
				SDKROOT = iphoneos;
				SWIFT_COMPILATION_MODE = wholemodule;
				SWIFT_OPTIMIZATION_LEVEL = "-O";
				VALIDATE_PRODUCT = YES;
			};
			name = Release;
		};
		C47FBDAF24200AB200F91870 /* Debug */ = {
			isa = XCBuildConfiguration;
			buildSettings = {
				ASSETCATALOG_COMPILER_APPICON_NAME = AppIcon;
				CODE_SIGN_STYLE = Automatic;
				DEVELOPMENT_TEAM = K3Q8MP29M7;
				INFOPLIST_FILE = BitCoin_App/Info.plist;
				LD_RUNPATH_SEARCH_PATHS = (
					"$(inherited)",
					"@executable_path/Frameworks",
				);
				PRODUCT_BUNDLE_IDENTIFIER = "Camila.BitCoin-App";
				PRODUCT_NAME = "$(TARGET_NAME)";
				SWIFT_VERSION = 5.0;
				TARGETED_DEVICE_FAMILY = "1,2";
			};
			name = Debug;
		};
		C47FBDB024200AB200F91870 /* Release */ = {
			isa = XCBuildConfiguration;
			buildSettings = {
				ASSETCATALOG_COMPILER_APPICON_NAME = AppIcon;
				CODE_SIGN_STYLE = Automatic;
				DEVELOPMENT_TEAM = K3Q8MP29M7;
				INFOPLIST_FILE = BitCoin_App/Info.plist;
				LD_RUNPATH_SEARCH_PATHS = (
					"$(inherited)",
					"@executable_path/Frameworks",
				);
				PRODUCT_BUNDLE_IDENTIFIER = "Camila.BitCoin-App";
				PRODUCT_NAME = "$(TARGET_NAME)";
				SWIFT_VERSION = 5.0;
				TARGETED_DEVICE_FAMILY = "1,2";
			};
			name = Release;
		};
/* End XCBuildConfiguration section */

/* Begin XCConfigurationList section */
		C47FBD9524200AAE00F91870 /* Build configuration list for PBXProject "BitCoin_App" */ = {
			isa = XCConfigurationList;
			buildConfigurations = (
				C47FBDAC24200AB200F91870 /* Debug */,
				C47FBDAD24200AB200F91870 /* Release */,
			);
			defaultConfigurationIsVisible = 0;
			defaultConfigurationName = Release;
		};
		C47FBDAE24200AB200F91870 /* Build configuration list for PBXNativeTarget "BitCoin_App" */ = {
			isa = XCConfigurationList;
			buildConfigurations = (
				C47FBDAF24200AB200F91870 /* Debug */,
				C47FBDB024200AB200F91870 /* Release */,
			);
			defaultConfigurationIsVisible = 0;
			defaultConfigurationName = Release;
		};
/* End XCConfigurationList section */
	};
	rootObject = C47FBD9224200AAE00F91870 /* Project object */;
}
